
Microsoft Visual Studio Solution File, Format Version 12.00
# Visual Studio Version 17
VisualStudioVersion = 17.10.35013.160
MinimumVisualStudioVersion = 10.0.40219.1
Project("{888888A0-9F3D-457C-B088-3A5042F75D52}") = "open_cv_video_motion_filter", "open_cv_video_motion_filter\open_cv_video_motion_filter.pyproj", "{050DA546-A0DF-469D-B912-90045AA2CE94}"
EndProject
Global
	GlobalSection(SolutionConfigurationPlatforms) = preSolution
		Debug|Any CPU = Debug|Any CPU
		Release|Any CPU = Release|Any CPU
	EndGlobalSection
	GlobalSection(ProjectConfigurationPlatforms) = postSolution
		{050DA546-A0DF-469D-B912-90045AA2CE94}.Debug|Any CPU.ActiveCfg = Debug|Any CPU
		{050DA546-A0DF-469D-B912-90045AA2CE94}.Release|Any CPU.ActiveCfg = Release|Any CPU
	EndGlobalSection
	GlobalSection(SolutionProperties) = preSolution
		HideSolutionNode = FALSE
	EndGlobalSection
	GlobalSection(ExtensibilityGlobals) = postSolution
		SolutionGuid = {15145E6F-2ED4-4261-AB99-0C008255B2A2}
	EndGlobalSection
EndGlobal
